# THIS IS AN AUTOGENERATED FILE. DO NOT EDIT THIS FILE DIRECTLY.
# yarn lockfile v1


"@babel/runtime@^7.10.1", "@babel/runtime@^7.11.1", "@babel/runtime@^7.11.2", "@babel/runtime@^7.12.5":
  version "7.15.3"
  resolved "https://registry.yarnpkg.com/@babel/runtime/-/runtime-7.15.3.tgz#2e1c2880ca118e5b2f9988322bd8a7656a32502b"
  dependencies:
    regenerator-runtime "^0.13.4"

"@next/env@14.2.25":
  version "14.2.25"
  resolved "https://registry.yarnpkg.com/@next/env/-/env-14.2.25.tgz#936d10b967e103e49a4bcea1e97292d5605278dd"

"@next/swc-darwin-arm64@14.2.25":
  version "14.2.25"
  resolved "https://registry.yarnpkg.com/@next/swc-darwin-arm64/-/swc-darwin-arm64-14.2.25.tgz#7bcccfda0c0ff045c45fbe34c491b7368e373e3d"

"@next/swc-darwin-x64@14.2.25":
  version "14.2.25"
  resolved "https://registry.yarnpkg.com/@next/swc-darwin-x64/-/swc-darwin-x64-14.2.25.tgz#b489e209d7b405260b73f69a38186ed150fb7a08"

"@next/swc-linux-arm64-gnu@14.2.25":
  version "14.2.25"
  resolved "https://registry.yarnpkg.com/@next/swc-linux-arm64-gnu/-/swc-linux-arm64-gnu-14.2.25.tgz#ba064fabfdce0190d9859493d8232fffa84ef2e2"

"@next/swc-linux-arm64-musl@14.2.25":
  version "14.2.25"
  resolved "https://registry.yarnpkg.com/@next/swc-linux-arm64-musl/-/swc-linux-arm64-musl-14.2.25.tgz#bf0018267e4e0fbfa1524750321f8cae855144a3"

"@next/swc-linux-x64-gnu@14.2.25":
  version "14.2.25"
  resolved "https://registry.yarnpkg.com/@next/swc-linux-x64-gnu/-/swc-linux-x64-gnu-14.2.25.tgz#64f5a6016a7148297ee80542e0fd788418a32472"

"@next/swc-linux-x64-musl@14.2.25":
  version "14.2.25"
  resolved "https://registry.yarnpkg.com/@next/swc-linux-x64-musl/-/swc-linux-x64-musl-14.2.25.tgz#58dc636d7c55828478159546f7b95ab1e902301c"

"@next/swc-win32-arm64-msvc@14.2.25":
  version "14.2.25"
  resolved "https://registry.yarnpkg.com/@next/swc-win32-arm64-msvc/-/swc-win32-arm64-msvc-14.2.25.tgz#93562d447c799bded1e89c1a62d5195a2a8c6c0d"

"@next/swc-win32-ia32-msvc@14.2.25":
  version "14.2.25"
  resolved "https://registry.yarnpkg.com/@next/swc-win32-ia32-msvc/-/swc-win32-ia32-msvc-14.2.25.tgz#ad85a33466be1f41d083211ea21adc0d2c6e6554"

"@next/swc-win32-x64-msvc@14.2.25":
  version "14.2.25"
  resolved "https://registry.yarnpkg.com/@next/swc-win32-x64-msvc/-/swc-win32-x64-msvc-14.2.25.tgz#3969c66609e683ec63a6a9f320a855f7be686a08"

"@polka/url@^1.0.0-next.24":
  version "1.0.0-next.25"
  resolved "https://registry.yarnpkg.com/@polka/url/-/url-1.0.0-next.25.tgz#f077fdc0b5d0078d30893396ff4827a13f99e817"

"@swc/counter@^0.1.3":
  version "0.1.3"
  resolved "https://registry.yarnpkg.com/@swc/counter/-/counter-0.1.3.tgz#cc7463bd02949611c6329596fccd2b0ec782b0e9"

"@swc/helpers@0.5.5":
  version "0.5.5"
  resolved "https://registry.yarnpkg.com/@swc/helpers/-/helpers-0.5.5.tgz#12689df71bfc9b21c4f4ca00ae55f2f16c8b77c0"
  dependencies:
    "@swc/counter" "^0.1.3"
    tslib "^2.4.0"

"@tinyhttp/accepts@2.2.2":
  version "2.2.2"
  resolved "https://registry.yarnpkg.com/@tinyhttp/accepts/-/accepts-2.2.2.tgz#6b5f8b3e5a9ed4ca92d6ced5d35222938b04e44d"
  dependencies:
    mime "4.0.1"
    negotiator "^0.6.3"

"@tinyhttp/app@^2.2.3":
  version "2.3.1"
  resolved "https://registry.yarnpkg.com/@tinyhttp/app/-/app-2.3.1.tgz#e7824adb2a190a55aa4fa928b6ef6f53b58a353e"
  dependencies:
    "@tinyhttp/cookie" "2.1.1"
    "@tinyhttp/proxy-addr" "2.2.0"
    "@tinyhttp/req" "2.2.3"
    "@tinyhttp/res" "2.2.3"
    "@tinyhttp/router" "2.2.2"
    header-range-parser "1.1.3"
    regexparam "^2.0.2"

"@tinyhttp/content-disposition@2.2.1":
  version "2.2.1"
  resolved "https://registry.yarnpkg.com/@tinyhttp/content-disposition/-/content-disposition-2.2.1.tgz#6b14814a5adcd41576e0ffcea428382e393c2b78"

"@tinyhttp/content-type@^0.1.4":
  version "0.1.4"
  resolved "https://registry.yarnpkg.com/@tinyhttp/content-type/-/content-type-0.1.4.tgz#112bce3b564213e0ed43fa76fccca4237be3a634"

"@tinyhttp/cookie-signature@2.1.1":
  version "2.1.1"
  resolved "https://registry.yarnpkg.com/@tinyhttp/cookie-signature/-/cookie-signature-2.1.1.tgz#ae2caad6aec4ec51d42e7d852ae34a04196d5138"

"@tinyhttp/cookie@2.1.1":
  version "2.1.1"
  resolved "https://registry.yarnpkg.com/@tinyhttp/cookie/-/cookie-2.1.1.tgz#50ad664f732357a466a14cdc888e88e80dc3440e"

"@tinyhttp/cors@^2.0.0":
  version "2.0.1"
  resolved "https://registry.yarnpkg.com/@tinyhttp/cors/-/cors-2.0.1.tgz#7f5ff7bd47b8e48172d8e43818b8d61eaa84037b"
  dependencies:
    "@tinyhttp/vary" "^0.1.3"

"@tinyhttp/encode-url@2.1.1":
  version "2.1.1"
  resolved "https://registry.yarnpkg.com/@tinyhttp/encode-url/-/encode-url-2.1.1.tgz#a52bdbd75f541455190d1a16b0a81374c8dc587d"

"@tinyhttp/etag@2.1.2":
  version "2.1.2"
  resolved "https://registry.yarnpkg.com/@tinyhttp/etag/-/etag-2.1.2.tgz#34fc91933bd1acce3cda3a64e5352ce5514abe4e"

"@tinyhttp/forwarded@2.1.1":
  version "2.1.1"
  resolved "https://registry.yarnpkg.com/@tinyhttp/forwarded/-/forwarded-2.1.1.tgz#dbf2cae75a1737b88b71c2a2d1931e5e9ced73c3"

"@tinyhttp/proxy-addr@2.2.0":
  version "2.2.0"
  resolved "https://registry.yarnpkg.com/@tinyhttp/proxy-addr/-/proxy-addr-2.2.0.tgz#82487f25af4d320d79e613bbecac17c7ad69c8f2"
  dependencies:
    "@tinyhttp/forwarded" "2.1.1"
    ipaddr.js "^2.2.0"

"@tinyhttp/req@2.2.3":
  version "2.2.3"
  resolved "https://registry.yarnpkg.com/@tinyhttp/req/-/req-2.2.3.tgz#10afffe690558a304b0b173829fe3c6b88713d0a"
  dependencies:
    "@tinyhttp/accepts" "2.2.2"
    "@tinyhttp/type-is" "2.2.3"
    "@tinyhttp/url" "2.1.1"
    header-range-parser "^1.1.3"

"@tinyhttp/res@2.2.3":
  version "2.2.3"
  resolved "https://registry.yarnpkg.com/@tinyhttp/res/-/res-2.2.3.tgz#89d40a6bf7a330e5a1504b19ef3a0b498be9f651"
  dependencies:
    "@tinyhttp/content-disposition" "2.2.1"
    "@tinyhttp/cookie" "2.1.1"
    "@tinyhttp/cookie-signature" "2.1.1"
    "@tinyhttp/encode-url" "2.1.1"
    "@tinyhttp/req" "2.2.3"
    "@tinyhttp/send" "2.2.2"
    "@tinyhttp/vary" "^0.1.3"
    es-escape-html "^0.1.1"
    mime "4.0.0-beta.1"

"@tinyhttp/router@2.2.2":
  version "2.2.2"
  resolved "https://registry.yarnpkg.com/@tinyhttp/router/-/router-2.2.2.tgz#f2cca8b880a9ae6b184711542f6958dafbb8e30e"

"@tinyhttp/send@2.2.2":
  version "2.2.2"
  resolved "https://registry.yarnpkg.com/@tinyhttp/send/-/send-2.2.2.tgz#23870b37c5ddc99e3d037df0a30e547c8214dca7"
  dependencies:
    "@tinyhttp/content-type" "^0.1.4"
    "@tinyhttp/etag" "2.1.2"
    mime "4.0.0-beta.1"

"@tinyhttp/type-is@2.2.3":
  version "2.2.3"
  resolved "https://registry.yarnpkg.com/@tinyhttp/type-is/-/type-is-2.2.3.tgz#3c884d67f9f27d2df31685815d3874597ea33fee"
  dependencies:
    "@tinyhttp/content-type" "^0.1.4"
    mime "4.0.1"

"@tinyhttp/url@2.1.1":
  version "2.1.1"
  resolved "https://registry.yarnpkg.com/@tinyhttp/url/-/url-2.1.1.tgz#77fa8963f5b698bacbdc6912407f946d32c793e1"

"@tinyhttp/vary@^0.1.3":
  version "0.1.3"
  resolved "https://registry.yarnpkg.com/@tinyhttp/vary/-/vary-0.1.3.tgz#f5bea4769f380c43a158832a8daad8e8b186757c"

"@types/node@^14.14.41":
  version "14.14.41"
  resolved "https://registry.npmjs.org/@types/node/-/node-14.14.41.tgz"

"@types/prop-types@*":
  version "15.7.3"
  resolved "https://registry.npmjs.org/@types/prop-types/-/prop-types-15.7.3.tgz"

"@types/react@^17.0.3":
  version "17.0.3"
  resolved "https://registry.npmjs.org/@types/react/-/react-17.0.3.tgz"
  dependencies:
    "@types/prop-types" "*"
    "@types/scheduler" "*"
    csstype "^3.0.2"

"@types/scheduler@*":
  version "0.16.1"
  resolved "https://registry.npmjs.org/@types/scheduler/-/scheduler-0.16.1.tgz"

adjust-sourcemap-loader@^4.0.0:
  version "4.0.0"
  resolved "https://registry.npmjs.org/adjust-sourcemap-loader/-/adjust-sourcemap-loader-4.0.0.tgz"
  dependencies:
    loader-utils "^2.0.0"
    regex-parser "^2.2.11"

anymatch@~3.1.2:
  version "3.1.3"
  resolved "https://registry.yarnpkg.com/anymatch/-/anymatch-3.1.3.tgz#790c58b19ba1720a84205b57c618d5ad8524973e"
  dependencies:
    normalize-path "^3.0.0"
    picomatch "^2.0.4"

asynckit@^0.4.0:
  version "0.4.0"
  resolved "https://registry.yarnpkg.com/asynckit/-/asynckit-0.4.0.tgz#c79ed97f7f34cb8f2ba1bc9790bcc366474b4b79"

axios@^1.8.2:
  version "1.8.2"
  resolved "https://registry.yarnpkg.com/axios/-/axios-1.8.2.tgz#fabe06e241dfe83071d4edfbcaa7b1c3a40f7979"
  dependencies:
    follow-redirects "^1.15.6"
    form-data "^4.0.0"
    proxy-from-env "^1.1.0"

big.js@^5.2.2:
  version "5.2.2"
  resolved "https://registry.yarnpkg.com/big.js/-/big.js-5.2.2.tgz#65f0af382f578bcdc742bd9c281e9cb2d7768328"

binary-extensions@^2.0.0:
  version "2.2.0"
  resolved "https://registry.npmjs.org/binary-extensions/-/binary-extensions-2.2.0.tgz"

braces@~3.0.2:
  version "3.0.3"
  resolved "https://registry.yarnpkg.com/braces/-/braces-3.0.3.tgz#490332f40919452272d55a8480adc0c441358789"
  dependencies:
    fill-range "^7.1.1"

busboy@1.6.0:
  version "1.6.0"
  resolved "https://registry.yarnpkg.com/busboy/-/busboy-1.6.0.tgz#966ea36a9502e43cdb9146962523b92f531f6893"
  dependencies:
    streamsearch "^1.1.0"

caniuse-lite@^1.0.30001579:
  version "1.0.30001620"
  resolved "https://registry.yarnpkg.com/caniuse-lite/-/caniuse-lite-1.0.30001620.tgz#78bb6f35b8fe315b96b8590597094145d0b146b4"

chalk@^5.3.0:
  version "5.3.0"
  resolved "https://registry.yarnpkg.com/chalk/-/chalk-5.3.0.tgz#67c20a7ebef70e7f3970a01f90fa210cb6860385"

"chokidar@>=3.0.0 <4.0.0", chokidar@^3.6.0:
  version "3.6.0"
  resolved "https://registry.yarnpkg.com/chokidar/-/chokidar-3.6.0.tgz#197c6cc669ef2a8dc5e7b4d97ee4e092c3eb0d5b"
  dependencies:
    anymatch "~3.1.2"
    braces "~3.0.2"
    glob-parent "~5.1.2"
    is-binary-path "~2.1.0"
    is-glob "~4.0.1"
    normalize-path "~3.0.0"
    readdirp "~3.6.0"
  optionalDependencies:
    fsevents "~2.3.2"

classnames@2.x, classnames@^2.2.1, classnames@^2.2.5, classnames@^2.2.6:
  version "2.3.1"
  resolved "https://registry.npmjs.org/classnames/-/classnames-2.3.1.tgz"

client-only@0.0.1:
  version "0.0.1"
  resolved "https://registry.yarnpkg.com/client-only/-/client-only-0.0.1.tgz#38bba5d403c41ab150bff64a95c85013cf73bca1"

combined-stream@^1.0.8:
  version "1.0.8"
  resolved "https://registry.yarnpkg.com/combined-stream/-/combined-stream-1.0.8.tgz#c3d45a8b34fd730631a110a8a2520682b31d5a7f"
  dependencies:
    delayed-stream "~1.0.0"

convert-source-map@^1.7.0:
  version "1.7.0"
  resolved "https://registry.npmjs.org/convert-source-map/-/convert-source-map-1.7.0.tgz"
  dependencies:
    safe-buffer "~5.1.1"

csstype@^3.0.2:
  version "3.0.8"
  resolved "https://registry.npmjs.org/csstype/-/csstype-3.0.8.tgz"

date-fns@^2.21.1:
  version "2.21.1"
  resolved "https://registry.npmjs.org/date-fns/-/date-fns-2.21.1.tgz"

delayed-stream@~1.0.0:
  version "1.0.0"
  resolved "https://registry.yarnpkg.com/delayed-stream/-/delayed-stream-1.0.0.tgz#df3ae199acadfb7d440aaae0b29e2272b24ec619"

dom-align@^1.7.0:
  version "1.12.0"
  resolved "https://registry.npmjs.org/dom-align/-/dom-align-1.12.0.tgz"

dot-prop@^9.0.0:
  version "9.0.0"
  resolved "https://registry.yarnpkg.com/dot-prop/-/dot-prop-9.0.0.tgz#bae5982fe6dc6b8fddb92efef4f2ddff26779e92"
  dependencies:
    type-fest "^4.18.2"

emojis-list@^3.0.0:
  version "3.0.0"
  resolved "https://registry.yarnpkg.com/emojis-list/-/emojis-list-3.0.0.tgz#5570662046ad29e2e916e71aae260abdff4f6a78"

es-escape-html@^0.1.1:
  version "0.1.1"
  resolved "https://registry.yarnpkg.com/es-escape-html/-/es-escape-html-0.1.1.tgz#9a582d49754ec6204524952c76a383fe5f03c1c0"

eta@^3.4.0:
  version "3.5.0"
  resolved "https://registry.yarnpkg.com/eta/-/eta-3.5.0.tgz#b728b2d4aa3cbce9d08db638719a60b31d2b0ccf"

fill-range@^7.1.1:
  version "7.1.1"
  resolved "https://registry.yarnpkg.com/fill-range/-/fill-range-7.1.1.tgz#44265d3cac07e3ea7dc247516380643754a05292"
  dependencies:
    to-regex-range "^5.0.1"

follow-redirects@^1.15.6:
  version "1.15.9"
  resolved "https://registry.yarnpkg.com/follow-redirects/-/follow-redirects-1.15.9.tgz#a604fa10e443bf98ca94228d9eebcc2e8a2c8ee1"

form-data@^4.0.0:
  version "4.0.0"
  resolved "https://registry.yarnpkg.com/form-data/-/form-data-4.0.0.tgz#93919daeaf361ee529584b9b31664dc12c9fa452"
  dependencies:
    asynckit "^0.4.0"
    combined-stream "^1.0.8"
    mime-types "^2.1.12"

fsevents@~2.3.2:
  version "2.3.3"
  resolved "https://registry.yarnpkg.com/fsevents/-/fsevents-2.3.3.tgz#cac6407785d03675a2a5e1a5305c697b347d90d6"

glob-parent@~5.1.2:
  version "5.1.2"
  resolved "https://registry.npmjs.org/glob-parent/-/glob-parent-5.1.2.tgz"
  dependencies:
    is-glob "^4.0.1"

graceful-fs@^4.2.11:
  version "4.2.11"
  resolved "https://registry.yarnpkg.com/graceful-fs/-/graceful-fs-4.2.11.tgz#4183e4e8bf08bb6e05bbb2f7d2e0c8f712ca40e3"

header-range-parser@1.1.3, header-range-parser@^1.1.3:
  version "1.1.3"
  resolved "https://registry.yarnpkg.com/header-range-parser/-/header-range-parser-1.1.3.tgz#6414b5b12e3b645d29d85225a58fd207d66d30ef"

inflection@^3.0.0:
  version "3.0.0"
  resolved "https://registry.yarnpkg.com/inflection/-/inflection-3.0.0.tgz#6a956fa90d72a27d22e6b32ec1064877593ee23b"

ipaddr.js@^2.2.0:
  version "2.2.0"
  resolved "https://registry.yarnpkg.com/ipaddr.js/-/ipaddr.js-2.2.0.tgz#d33fa7bac284f4de7af949638c9d68157c6b92e8"

is-binary-path@~2.1.0:
  version "2.1.0"
  resolved "https://registry.npmjs.org/is-binary-path/-/is-binary-path-2.1.0.tgz"
  dependencies:
    binary-extensions "^2.0.0"

is-extglob@^2.1.1:
  version "2.1.1"
  resolved "https://registry.npmjs.org/is-extglob/-/is-extglob-2.1.1.tgz"

is-glob@^4.0.1, is-glob@~4.0.1:
  version "4.0.1"
  resolved "https://registry.npmjs.org/is-glob/-/is-glob-4.0.1.tgz"
  dependencies:
    is-extglob "^2.1.1"

is-number@^7.0.0:
  version "7.0.0"
  resolved "https://registry.npmjs.org/is-number/-/is-number-7.0.0.tgz"

"js-tokens@^3.0.0 || ^4.0.0":
  version "4.0.0"
  resolved "https://registry.npmjs.org/js-tokens/-/js-tokens-4.0.0.tgz"

json-server@^1.0.0-beta.2:
  version "1.0.0-beta.2"
  resolved "https://registry.yarnpkg.com/json-server/-/json-server-1.0.0-beta.2.tgz#572081d98a6f6ecb9ee75f915ea08a720aa66642"
  dependencies:
    "@tinyhttp/app" "^2.2.3"
    "@tinyhttp/cors" "^2.0.0"
    chalk "^5.3.0"
    chokidar "^3.6.0"
    dot-prop "^9.0.0"
    eta "^3.4.0"
    inflection "^3.0.0"
    json5 "^2.2.3"
    lowdb "^7.0.1"
    milliparsec "^2.3.0"
    sirv "^2.0.4"
    sort-on "^6.0.0"

json5@^2.1.2, json5@^2.2.3:
  version "2.2.3"
  resolved "https://registry.yarnpkg.com/json5/-/json5-2.2.3.tgz#78cd6f1a19bdc12b73db5ad0c61efd66c1e29283"

loader-utils@^2.0.0:
  version "2.0.4"
  resolved "https://registry.yarnpkg.com/loader-utils/-/loader-utils-2.0.4.tgz#8b5cb38b5c34a9a018ee1fc0e6a066d1dfcc528c"
  dependencies:
    big.js "^5.2.2"
    emojis-list "^3.0.0"
    json5 "^2.1.2"

loose-envify@^1.1.0:
  version "1.4.0"
  resolved "https://registry.npmjs.org/loose-envify/-/loose-envify-1.4.0.tgz"
  dependencies:
    js-tokens "^3.0.0 || ^4.0.0"

lowdb@^7.0.1:
  version "7.0.1"
  resolved "https://registry.yarnpkg.com/lowdb/-/lowdb-7.0.1.tgz#7354a684547d76206b1c730b9434604235b125e5"
  dependencies:
    steno "^4.0.2"

milliparsec@^2.3.0:
  version "2.3.0"
  resolved "https://registry.yarnpkg.com/milliparsec/-/milliparsec-2.3.0.tgz#4644a08c2e700ff7d55881f4054aab270c89cb6f"

mime-db@1.52.0:
  version "1.52.0"
  resolved "https://registry.yarnpkg.com/mime-db/-/mime-db-1.52.0.tgz#bbabcdc02859f4987301c856e3387ce5ec43bf70"

mime-types@^2.1.12:
  version "2.1.35"
  resolved "https://registry.yarnpkg.com/mime-types/-/mime-types-2.1.35.tgz#381a871b62a734450660ae3deee44813f70d959a"
  dependencies:
    mime-db "1.52.0"

mime@4.0.0-beta.1:
  version "4.0.0-beta.1"
  resolved "https://registry.yarnpkg.com/mime/-/mime-4.0.0-beta.1.tgz#95654505b491bfae783e8364fcb80d70d49ff656"

mime@4.0.1:
  version "4.0.1"
  resolved "https://registry.yarnpkg.com/mime/-/mime-4.0.1.tgz#ad7563d1bfe30253ad97dedfae2b1009d01b9470"

mrmime@^2.0.0:
  version "2.0.0"
  resolved "https://registry.yarnpkg.com/mrmime/-/mrmime-2.0.0.tgz#151082a6e06e59a9a39b46b3e14d5cfe92b3abb4"

nanoid@^3.3.6:
  version "3.3.6"
  resolved "https://registry.yarnpkg.com/nanoid/-/nanoid-3.3.6.tgz#443380c856d6e9f9824267d960b4236ad583ea4c"

negotiator@^0.6.3:
  version "0.6.3"
  resolved "https://registry.yarnpkg.com/negotiator/-/negotiator-0.6.3.tgz#58e323a72fedc0d6f9cd4d31fe49f51479590ccd"

next@14.2.25:
  version "14.2.25"
  resolved "https://registry.yarnpkg.com/next/-/next-14.2.25.tgz#0657551fde6a97f697cf9870e9ccbdaa465c6008"
  dependencies:
    "@next/env" "14.2.25"
    "@swc/helpers" "0.5.5"
    busboy "1.6.0"
    caniuse-lite "^1.0.30001579"
    graceful-fs "^4.2.11"
    postcss "8.4.31"
    styled-jsx "5.1.1"
  optionalDependencies:
    "@next/swc-darwin-arm64" "14.2.25"
    "@next/swc-darwin-x64" "14.2.25"
    "@next/swc-linux-arm64-gnu" "14.2.25"
    "@next/swc-linux-arm64-musl" "14.2.25"
    "@next/swc-linux-x64-gnu" "14.2.25"
    "@next/swc-linux-x64-musl" "14.2.25"
    "@next/swc-win32-arm64-msvc" "14.2.25"
    "@next/swc-win32-ia32-msvc" "14.2.25"
    "@next/swc-win32-x64-msvc" "14.2.25"

normalize-path@^3.0.0, normalize-path@~3.0.0:
  version "3.0.0"
  resolved "https://registry.npmjs.org/normalize-path/-/normalize-path-3.0.0.tgz"

object-assign@^4.1.1:
  version "4.1.1"
  resolved "https://registry.npmjs.org/object-assign/-/object-assign-4.1.1.tgz"

picocolors@^1.0.0:
  version "1.0.0"
  resolved "https://registry.yarnpkg.com/picocolors/-/picocolors-1.0.0.tgz#cb5bdc74ff3f51892236eaf79d68bc44564ab81c"

picomatch@^2.0.4, picomatch@^2.2.1:
  version "2.2.3"
  resolved "https://registry.npmjs.org/picomatch/-/picomatch-2.2.3.tgz"

postcss@8.4.31, postcss@^8.2.14:
  version "8.4.31"
  resolved "https://registry.yarnpkg.com/postcss/-/postcss-8.4.31.tgz#92b451050a9f914da6755af352bdc0192508656d"
  dependencies:
    nanoid "^3.3.6"
    picocolors "^1.0.0"
    source-map-js "^1.0.2"

proxy-from-env@^1.1.0:
  version "1.1.0"
  resolved "https://registry.yarnpkg.com/proxy-from-env/-/proxy-from-env-1.1.0.tgz#e102f16ca355424865755d2c9e8ea4f24d58c3e2"

rc-align@^4.0.0:
  version "4.0.9"
  resolved "https://registry.npmjs.org/rc-align/-/rc-align-4.0.9.tgz"
  dependencies:
    "@babel/runtime" "^7.10.1"
    classnames "2.x"
    dom-align "^1.7.0"
    rc-util "^5.3.0"
    resize-observer-polyfill "^1.5.1"

rc-motion@^2.0.0:
  version "2.4.3"
  resolved "https://registry.npmjs.org/rc-motion/-/rc-motion-2.4.3.tgz"
  dependencies:
    "@babel/runtime" "^7.11.1"
    classnames "^2.2.1"
    rc-util "^5.2.1"

rc-slider@^9.7.2:
  version "9.7.2"
  resolved "https://registry.npmjs.org/rc-slider/-/rc-slider-9.7.2.tgz"
  dependencies:
    "@babel/runtime" "^7.10.1"
    classnames "^2.2.5"
    rc-tooltip "^5.0.1"
    rc-util "^5.0.0"
    shallowequal "^1.1.0"

rc-tooltip@^5.0.1:
  version "5.1.0"
  resolved "https://registry.npmjs.org/rc-tooltip/-/rc-tooltip-5.1.0.tgz"
  dependencies:
    "@babel/runtime" "^7.11.2"
    rc-trigger "^5.0.0"

rc-trigger@^5.0.0:
  version "5.2.5"
  resolved "https://registry.npmjs.org/rc-trigger/-/rc-trigger-5.2.5.tgz"
  dependencies:
    "@babel/runtime" "^7.11.2"
    classnames "^2.2.6"
    rc-align "^4.0.0"
    rc-motion "^2.0.0"
    rc-util "^5.5.0"

rc-util@^5.0.0, rc-util@^5.2.1, rc-util@^5.3.0, rc-util@^5.5.0:
  version "5.10.1"
  resolved "https://registry.npmjs.org/rc-util/-/rc-util-5.10.1.tgz"
  dependencies:
    "@babel/runtime" "^7.12.5"
    react-is "^16.12.0"
    shallowequal "^1.1.0"

react-dom@^17.0.2:
  version "17.0.2"
  resolved "https://registry.npmjs.org/react-dom/-/react-dom-17.0.2.tgz"
  dependencies:
    loose-envify "^1.1.0"
    object-assign "^4.1.1"
    scheduler "^0.20.2"

react-is@^16.12.0:
  version "16.13.1"
  resolved "https://registry.npmjs.org/react-is/-/react-is-16.13.1.tgz"

react@17.0.2:
  version "17.0.2"
  resolved "https://registry.npmjs.org/react/-/react-17.0.2.tgz"
  dependencies:
    loose-envify "^1.1.0"
    object-assign "^4.1.1"

readdirp@~3.6.0:
  version "3.6.0"
  resolved "https://registry.yarnpkg.com/readdirp/-/readdirp-3.6.0.tgz#74a370bd857116e245b29cc97340cd431a02a6c7"
  dependencies:
    picomatch "^2.2.1"

regenerator-runtime@^0.13.4:
  version "0.13.7"
  resolved "https://registry.npmjs.org/regenerator-runtime/-/regenerator-runtime-0.13.7.tgz"

regex-parser@^2.2.11:
  version "2.2.11"
  resolved "https://registry.npmjs.org/regex-parser/-/regex-parser-2.2.11.tgz"

regexparam@^2.0.2:
  version "2.0.2"
  resolved "https://registry.yarnpkg.com/regexparam/-/regexparam-2.0.2.tgz#a0f6aa057c67b1c9c09508c45823c0755b1f6e58"

resize-observer-polyfill@^1.5.1:
  version "1.5.1"
  resolved "https://registry.npmjs.org/resize-observer-polyfill/-/resize-observer-polyfill-1.5.1.tgz"

resolve-url-loader@^5.0.0:
  version "5.0.0"
  resolved "https://registry.yarnpkg.com/resolve-url-loader/-/resolve-url-loader-5.0.0.tgz#ee3142fb1f1e0d9db9524d539cfa166e9314f795"
  dependencies:
    adjust-sourcemap-loader "^4.0.0"
    convert-source-map "^1.7.0"
    loader-utils "^2.0.0"
    postcss "^8.2.14"
    source-map "0.6.1"

safe-buffer@~5.1.1:
  version "5.1.2"
  resolved "https://registry.npmjs.org/safe-buffer/-/safe-buffer-5.1.2.tgz"

sass@^1.32.11:
  version "1.32.11"
  resolved "https://registry.npmjs.org/sass/-/sass-1.32.11.tgz"
  dependencies:
    chokidar ">=3.0.0 <4.0.0"

scheduler@^0.20.2:
  version "0.20.2"
  resolved "https://registry.npmjs.org/scheduler/-/scheduler-0.20.2.tgz"
  dependencies:
    loose-envify "^1.1.0"
    object-assign "^4.1.1"

shallowequal@^1.1.0:
  version "1.1.0"
  resolved "https://registry.npmjs.org/shallowequal/-/shallowequal-1.1.0.tgz"

sirv@^2.0.4:
  version "2.0.4"
  resolved "https://registry.yarnpkg.com/sirv/-/sirv-2.0.4.tgz#5dd9a725c578e34e449f332703eb2a74e46a29b0"
  dependencies:
    "@polka/url" "^1.0.0-next.24"
    mrmime "^2.0.0"
    totalist "^3.0.0"

sort-on@^6.0.0:
  version "6.1.0"
  resolved "https://registry.yarnpkg.com/sort-on/-/sort-on-6.1.0.tgz#96899b3536e4b2694090842f2e766ba11ccc7459"
  dependencies:
    dot-prop "^9.0.0"

source-map-js@^1.0.2:
  version "1.0.2"
  resolved "https://registry.yarnpkg.com/source-map-js/-/source-map-js-1.0.2.tgz#adbc361d9c62df380125e7f161f71c826f1e490c"

source-map@0.6.1:
  version "0.6.1"
  resolved "https://registry.npmjs.org/source-map/-/source-map-0.6.1.tgz"

steno@^4.0.2:
  version "4.0.2"
  resolved "https://registry.yarnpkg.com/steno/-/steno-4.0.2.tgz#9bd9b0ffc226a1f9436f29132c8b8e7199d22c50"

streamsearch@^1.1.0:
  version "1.1.0"
  resolved "https://registry.yarnpkg.com/streamsearch/-/streamsearch-1.1.0.tgz#404dd1e2247ca94af554e841a8ef0eaa238da764"

styled-jsx@5.1.1:
  version "5.1.1"
  resolved "https://registry.yarnpkg.com/styled-jsx/-/styled-jsx-5.1.1.tgz#839a1c3aaacc4e735fed0781b8619ea5d0009d1f"
  dependencies:
    client-only "0.0.1"

to-regex-range@^5.0.1:
  version "5.0.1"
  resolved "https://registry.npmjs.org/to-regex-range/-/to-regex-range-5.0.1.tgz"
  dependencies:
    is-number "^7.0.0"

totalist@^3.0.0:
  version "3.0.1"
  resolved "https://registry.yarnpkg.com/totalist/-/totalist-3.0.1.tgz#ba3a3d600c915b1a97872348f79c127475f6acf8"

tslib@^2.4.0:
  version "2.6.2"
  resolved "https://registry.yarnpkg.com/tslib/-/tslib-2.6.2.tgz#703ac29425e7b37cd6fd456e92404d46d1f3e4ae"

type-fest@^4.18.2:
  version "4.26.1"
  resolved "https://registry.yarnpkg.com/type-fest/-/type-fest-4.26.1.tgz#a4a17fa314f976dd3e6d6675ef6c775c16d7955e"

typescript@^4.2.4:
  version "4.2.4"
  resolved "https://registry.npmjs.org/typescript/-/typescript-4.2.4.tgz"
